
Microsoft Visual Studio Solution File, Format Version 12.00
# Visual Studio Version 17
VisualStudioVersion = 17.14.36603.0
MinimumVisualStudioVersion = 10.0.40219.1
Project("{2150E333-8FDC-42A3-9474-1A3956D46DE8}") = "src", "src", "{02EA681E-C7D8-13C7-8484-4AC65E1B71E8}"
EndProject
Project("{2150E333-8FDC-42A3-9474-1A3956D46DE8}") = "services", "services", "{31E27503-5468-43F4-9686-35FBF5A09E48}"
EndProject
Project("{2150E333-8FDC-42A3-9474-1A3956D46DE8}") = "catalog", "catalog", "{15C831AC-CCFD-47AB-878F-3B0C8920610A}"
EndProject
Project("{FAE04EC0-301F-11D3-BF4B-00C04F79EFBC}") = "UdemyNewMicroservice.Catalog.API", "UdemyNewMicroservice.Catalog.API\UdemyNewMicroservice.Catalog.API.csproj", "{17CFC417-E685-489A-9B18-F2DCCCB7C7CE}"
EndProject
Project("{E53339B2-1760-4266-BCC7-CA923CBCF16C}") = "docker-compose", "docker-compose.dcproj", "{81DDED9D-158B-E303-5F62-77A2896D2A5A}"
EndProject
Project("{2150E333-8FDC-42A3-9474-1A3956D46DE8}") = "shared", "shared", "{943C963D-BF40-437E-96EA-04D6DB2D21BC}"
EndProject
Project("{FAE04EC0-301F-11D3-BF4B-00C04F79EFBC}") = "UdemyNewMicroservice.Shared", "UdemyNewMicroservice.Shared\UdemyNewMicroservice.Shared.csproj", "{FF1DD811-D3F6-4BE0-8D74-1593B6677FC7}"
EndProject
Project("{2150E333-8FDC-42A3-9474-1A3956D46DE8}") = "discount", "discount", "{F3DC8BF1-6AD8-480E-B4A1-24A618A20C73}"
EndProject
Global
	GlobalSection(SolutionConfigurationPlatforms) = preSolution
		Debug|Any CPU = Debug|Any CPU
		Release|Any CPU = Release|Any CPU
	EndGlobalSection
	GlobalSection(ProjectConfigurationPlatforms) = postSolution
		{17CFC417-E685-489A-9B18-F2DCCCB7C7CE}.Debug|Any CPU.ActiveCfg = Debug|Any CPU
		{17CFC417-E685-489A-9B18-F2DCCCB7C7CE}.Debug|Any CPU.Build.0 = Debug|Any CPU
		{17CFC417-E685-489A-9B18-F2DCCCB7C7CE}.Release|Any CPU.ActiveCfg = Release|Any CPU
		{17CFC417-E685-489A-9B18-F2DCCCB7C7CE}.Release|Any CPU.Build.0 = Release|Any CPU
		{81DDED9D-158B-E303-5F62-77A2896D2A5A}.Debug|Any CPU.ActiveCfg = Debug|Any CPU
		{81DDED9D-158B-E303-5F62-77A2896D2A5A}.Debug|Any CPU.Build.0 = Debug|Any CPU
		{81DDED9D-158B-E303-5F62-77A2896D2A5A}.Release|Any CPU.ActiveCfg = Release|Any CPU
		{81DDED9D-158B-E303-5F62-77A2896D2A5A}.Release|Any CPU.Build.0 = Release|Any CPU
		{FF1DD811-D3F6-4BE0-8D74-1593B6677FC7}.Debug|Any CPU.ActiveCfg = Debug|Any CPU
		{FF1DD811-D3F6-4BE0-8D74-1593B6677FC7}.Debug|Any CPU.Build.0 = Debug|Any CPU
		{FF1DD811-D3F6-4BE0-8D74-1593B6677FC7}.Release|Any CPU.ActiveCfg = Release|Any CPU
		{FF1DD811-D3F6-4BE0-8D74-1593B6677FC7}.Release|Any CPU.Build.0 = Release|Any CPU
	EndGlobalSection
	GlobalSection(SolutionProperties) = preSolution
		HideSolutionNode = FALSE
	EndGlobalSection
	GlobalSection(NestedProjects) = preSolution
		{31E27503-5468-43F4-9686-35FBF5A09E48} = {02EA681E-C7D8-13C7-8484-4AC65E1B71E8}
		{15C831AC-CCFD-47AB-878F-3B0C8920610A} = {31E27503-5468-43F4-9686-35FBF5A09E48}
		{17CFC417-E685-489A-9B18-F2DCCCB7C7CE} = {15C831AC-CCFD-47AB-878F-3B0C8920610A}
		{943C963D-BF40-437E-96EA-04D6DB2D21BC} = {02EA681E-C7D8-13C7-8484-4AC65E1B71E8}
		{FF1DD811-D3F6-4BE0-8D74-1593B6677FC7} = {943C963D-BF40-437E-96EA-04D6DB2D21BC}
		{F3DC8BF1-6AD8-480E-B4A1-24A618A20C73} = {31E27503-5468-43F4-9686-35FBF5A09E48}
	EndGlobalSection
	GlobalSection(ExtensibilityGlobals) = postSolution
		SolutionGuid = {D7F832CC-0A3D-4257-AC32-5F3285A4638B}
	EndGlobalSection
EndGlobal
